
Microsoft Visual Studio Solution File, Format Version 12.00
# Visual Studio 2012
Project("{FAE04EC0-301F-11D3-BF4B-00C04F79EFBC}") = "updater", "axtools_updater_CSharp\updater.csproj", "{72E00B4B-C1B1-4294-9070-5918CBE87448}"
EndProject
Project("{FAE04EC0-301F-11D3-BF4B-00C04F79EFBC}") = "PassRem", "..\PassRem\PassRem\PassRem.csproj", "{9E6440A6-6800-40B8-86B4-571388FD4382}"
EndProject
Project("{FAE04EC0-301F-11D3-BF4B-00C04F79EFBC}") = "WoWGold_Notifier", "WoWGold_Notifier\WoWGold_Notifier.csproj", "{7D053D00-2D76-4DB3-B5C5-2DFC9D6649FF}"
EndProject
Project("{FAE04EC0-301F-11D3-BF4B-00C04F79EFBC}") = "PatternFinder", "PatternFinder\PatternFinder.csproj", "{DAF3EDDE-EC29-459E-9275-521AE1E902B5}"
EndProject
Project("{FAE04EC0-301F-11D3-BF4B-00C04F79EFBC}") = "AxTools_x64", "AxTools_x64\AxTools_x64.csproj", "{E579B921-37DA-4DA7-B0BF-FBEB2732F937}"
EndProject
Project("{FAE04EC0-301F-11D3-BF4B-00C04F79EFBC}") = "WoWPlugin_PathPlayer", "C:\Program Files (x86)\AxTools\plugins\PathPlayer\WoWPlugin_PathPlayer.csproj", "{FBEFD72A-8578-462A-9C53-AFF6D95D0A38}"
EndProject
Project("{FAE04EC0-301F-11D3-BF4B-00C04F79EFBC}") = "WoWPlugin_AutoLoot", "C:\Program Files (x86)\AxTools\plugins\AutoLoot\WoWPlugin_AutoLoot.csproj", "{EEF98675-3834-4542-82E4-85B15BB56D08}"
EndProject
Project("{FAE04EC0-301F-11D3-BF4B-00C04F79EFBC}") = "WoWPlugin_Follower", "C:\Program Files (x86)\AxTools\plugins\Follower\WoWPlugin_Follower.csproj", "{154F68A9-D5F5-49E4-941A-CC858DCE9D4B}"
EndProject
Project("{FAE04EC0-301F-11D3-BF4B-00C04F79EFBC}") = "WoWPlugin_InkCrafter", "F:\Dropbox\Projects\AxTools\InkCrafter\WoWPlugin_InkCrafter.csproj", "{9C36ABE3-3F1D-4F91-9843-BC770C351723}"
EndProject
Project("{FAE04EC0-301F-11D3-BF4B-00C04F79EFBC}") = "WoWPlugin_GarrisonFishingHelper", "WoWPlugin_GarrisonFishingHelper\WoWPlugin_GarrisonFishingHelper.csproj", "{9C73B943-83D5-4467-B1DE-2A723B67D720}"
EndProject
Project("{FAE04EC0-301F-11D3-BF4B-00C04F79EFBC}") = "WoWPlugin_SpellGroundClicker", "WoWPlugin_SpellGroundClicker\WoWPlugin_SpellGroundClicker.csproj", "{D9A766AD-5DF5-46D6-B9F6-09DD7269A53C}"
EndProject
Project("{FAE04EC0-301F-11D3-BF4B-00C04F79EFBC}") = "Dummy", "Dummy\Dummy.csproj", "{328017C2-C977-47CF-AD42-D8CD7CAEBB7B}"
EndProject
Project("{8BC9CEB8-8B4A-11D0-8D11-00A0C91BC942}") = "MyMemory", "..\MyMemory\MyMemory.vcxproj", "{3B4FBB66-598A-46B8-89FF-F6FA73CB6D7B}"
EndProject
Project("{FAE04EC0-301F-11D3-BF4B-00C04F79EFBC}") = "WoWPlugin_Test", "WoWPlugin_Test\WoWPlugin_Test.csproj", "{EB0AD1C6-FC11-4622-931F-974C18F8357F}"
EndProject
Project("{FAE04EC0-301F-11D3-BF4B-00C04F79EFBC}") = "DummyWF", "DummyWF\DummyWF.csproj", "{47EFEDE9-B653-40EE-A34B-483E5F96D004}"
EndProject
Project("{2150E333-8FDC-42A3-9474-1A3956D46DE8}") = "WoWPlugins", "WoWPlugins", "{3D634715-DB81-45D6-8812-701A66BFF21E}"
EndProject
Project("{FAE04EC0-301F-11D3-BF4B-00C04F79EFBC}") = "Components", "Components\Components.csproj", "{63D3AF8E-11D1-4D4E-B791-7FBF09E9AEF3}"
EndProject
Project("{FAE04EC0-301F-11D3-BF4B-00C04F79EFBC}") = "WoWPlugin_PathCreator", "WoWPlugin_PathCreator\WoWPlugin_PathCreator.csproj", "{B4798ED4-133C-48EC-AACA-B2868703E4AA}"
EndProject
Project("{FAE04EC0-301F-11D3-BF4B-00C04F79EFBC}") = "WoWPlugin_RareReporter", "WoWPlugin_RareReporter\WoWPlugin_RareReporter.csproj", "{1EB1B6EA-12A4-4D0B-A92F-A21B34579B6D}"
EndProject
Project("{FAE04EC0-301F-11D3-BF4B-00C04F79EFBC}") = "WoWPlugin_Notifier", "WoWPlugin_Notifier\WoWPlugin_Notifier.csproj", "{5821643F-1906-497C-BC75-87091956B19C}"
EndProject
Project("{FAE04EC0-301F-11D3-BF4B-00C04F79EFBC}") = "WoWPlugin_LibSMS", "C:\Program Files (x86)\AxTools\plugins\LibSMS\WoWPlugin_LibSMS.csproj", "{7C99C628-6AF4-4845-9810-C76D47B5556B}"
EndProject
Project("{FAE04EC0-301F-11D3-BF4B-00C04F79EFBC}") = "WoWPlugin_Dumper", "WoWPlugins\WoWPlugin_Dumper\WoWPlugin_Dumper.csproj", "{52F4DCCF-D5A3-439B-9E11-5E897B57E5B1}"
EndProject
Project("{FAE04EC0-301F-11D3-BF4B-00C04F79EFBC}") = "Resources", "Resources\Resources.csproj", "{81FFB0E9-01F0-46CD-96FA-01ADE2711843}"
EndProject
Global
	GlobalSection(SolutionConfigurationPlatforms) = preSolution
		Debug|Any CPU = Debug|Any CPU
		Debug|Mixed Platforms = Debug|Mixed Platforms
		Debug|Win32 = Debug|Win32
		Debug|x64 = Debug|x64
		Debug|x86 = Debug|x86
		Release|Any CPU = Release|Any CPU
		Release|Mixed Platforms = Release|Mixed Platforms
		Release|Win32 = Release|Win32
		Release|x64 = Release|x64
		Release|x86 = Release|x86
		Template|Any CPU = Template|Any CPU
		Template|Mixed Platforms = Template|Mixed Platforms
		Template|Win32 = Template|Win32
		Template|x64 = Template|x64
		Template|x86 = Template|x86
	EndGlobalSection
	GlobalSection(ProjectConfigurationPlatforms) = postSolution
		{72E00B4B-C1B1-4294-9070-5918CBE87448}.Debug|Any CPU.ActiveCfg = Debug|Any CPU
		{72E00B4B-C1B1-4294-9070-5918CBE87448}.Debug|Any CPU.Build.0 = Debug|Any CPU
		{72E00B4B-C1B1-4294-9070-5918CBE87448}.Debug|Mixed Platforms.ActiveCfg = Debug|x86
		{72E00B4B-C1B1-4294-9070-5918CBE87448}.Debug|Mixed Platforms.Build.0 = Debug|x86
		{72E00B4B-C1B1-4294-9070-5918CBE87448}.Debug|Win32.ActiveCfg = Debug|x86
		{72E00B4B-C1B1-4294-9070-5918CBE87448}.Debug|Win32.Build.0 = Debug|x86
		{72E00B4B-C1B1-4294-9070-5918CBE87448}.Debug|x64.ActiveCfg = Debug|Any CPU
		{72E00B4B-C1B1-4294-9070-5918CBE87448}.Debug|x86.ActiveCfg = Debug|x86
		{72E00B4B-C1B1-4294-9070-5918CBE87448}.Debug|x86.Build.0 = Debug|x86
		{72E00B4B-C1B1-4294-9070-5918CBE87448}.Release|Any CPU.ActiveCfg = Release|Any CPU
		{72E00B4B-C1B1-4294-9070-5918CBE87448}.Release|Any CPU.Build.0 = Release|Any CPU
		{72E00B4B-C1B1-4294-9070-5918CBE87448}.Release|Mixed Platforms.ActiveCfg = Release|x86
		{72E00B4B-C1B1-4294-9070-5918CBE87448}.Release|Mixed Platforms.Build.0 = Release|x86
		{72E00B4B-C1B1-4294-9070-5918CBE87448}.Release|Win32.ActiveCfg = Release|x86
		{72E00B4B-C1B1-4294-9070-5918CBE87448}.Release|Win32.Build.0 = Release|x86
		{72E00B4B-C1B1-4294-9070-5918CBE87448}.Release|x64.ActiveCfg = Release|Any CPU
		{72E00B4B-C1B1-4294-9070-5918CBE87448}.Release|x86.ActiveCfg = Release|x86
		{72E00B4B-C1B1-4294-9070-5918CBE87448}.Template|Any CPU.ActiveCfg = Release|Any CPU
		{72E00B4B-C1B1-4294-9070-5918CBE87448}.Template|Any CPU.Build.0 = Release|Any CPU
		{72E00B4B-C1B1-4294-9070-5918CBE87448}.Template|Mixed Platforms.ActiveCfg = Release|x86
		{72E00B4B-C1B1-4294-9070-5918CBE87448}.Template|Mixed Platforms.Build.0 = Release|x86
		{72E00B4B-C1B1-4294-9070-5918CBE87448}.Template|Win32.ActiveCfg = Release|x86
		{72E00B4B-C1B1-4294-9070-5918CBE87448}.Template|Win32.Build.0 = Release|x86
		{72E00B4B-C1B1-4294-9070-5918CBE87448}.Template|x64.ActiveCfg = Release|Any CPU
		{72E00B4B-C1B1-4294-9070-5918CBE87448}.Template|x86.ActiveCfg = Release|x86
		{72E00B4B-C1B1-4294-9070-5918CBE87448}.Template|x86.Build.0 = Release|x86
		{9E6440A6-6800-40B8-86B4-571388FD4382}.Debug|Any CPU.ActiveCfg = Debug|Any CPU
		{9E6440A6-6800-40B8-86B4-571388FD4382}.Debug|Any CPU.Build.0 = Debug|Any CPU
		{9E6440A6-6800-40B8-86B4-571388FD4382}.Debug|Mixed Platforms.ActiveCfg = Debug|Any CPU
		{9E6440A6-6800-40B8-86B4-571388FD4382}.Debug|Mixed Platforms.Build.0 = Debug|Any CPU
		{9E6440A6-6800-40B8-86B4-571388FD4382}.Debug|Win32.ActiveCfg = Debug|Any CPU
		{9E6440A6-6800-40B8-86B4-571388FD4382}.Debug|x64.ActiveCfg = Debug|Any CPU
		{9E6440A6-6800-40B8-86B4-571388FD4382}.Debug|x86.ActiveCfg = Debug|Any CPU
		{9E6440A6-6800-40B8-86B4-571388FD4382}.Release|Any CPU.ActiveCfg = Release|Any CPU
		{9E6440A6-6800-40B8-86B4-571388FD4382}.Release|Any CPU.Build.0 = Release|Any CPU
		{9E6440A6-6800-40B8-86B4-571388FD4382}.Release|Mixed Platforms.ActiveCfg = Release|Any CPU
		{9E6440A6-6800-40B8-86B4-571388FD4382}.Release|Mixed Platforms.Build.0 = Release|Any CPU
		{9E6440A6-6800-40B8-86B4-571388FD4382}.Release|Win32.ActiveCfg = Release|Any CPU
		{9E6440A6-6800-40B8-86B4-571388FD4382}.Release|x64.ActiveCfg = Release|Any CPU
		{9E6440A6-6800-40B8-86B4-571388FD4382}.Release|x86.ActiveCfg = Release|Any CPU
		{9E6440A6-6800-40B8-86B4-571388FD4382}.Template|Any CPU.ActiveCfg = Release|Any CPU
		{9E6440A6-6800-40B8-86B4-571388FD4382}.Template|Any CPU.Build.0 = Release|Any CPU
		{9E6440A6-6800-40B8-86B4-571388FD4382}.Template|Mixed Platforms.ActiveCfg = Release|Any CPU
		{9E6440A6-6800-40B8-86B4-571388FD4382}.Template|Mixed Platforms.Build.0 = Release|Any CPU
		{9E6440A6-6800-40B8-86B4-571388FD4382}.Template|Win32.ActiveCfg = Release|Any CPU
		{9E6440A6-6800-40B8-86B4-571388FD4382}.Template|x64.ActiveCfg = Release|Any CPU
		{9E6440A6-6800-40B8-86B4-571388FD4382}.Template|x86.ActiveCfg = Release|Any CPU
		{7D053D00-2D76-4DB3-B5C5-2DFC9D6649FF}.Debug|Any CPU.ActiveCfg = Debug|Any CPU
		{7D053D00-2D76-4DB3-B5C5-2DFC9D6649FF}.Debug|Any CPU.Build.0 = Debug|Any CPU
		{7D053D00-2D76-4DB3-B5C5-2DFC9D6649FF}.Debug|Mixed Platforms.ActiveCfg = Debug|Any CPU
		{7D053D00-2D76-4DB3-B5C5-2DFC9D6649FF}.Debug|Mixed Platforms.Build.0 = Debug|Any CPU
		{7D053D00-2D76-4DB3-B5C5-2DFC9D6649FF}.Debug|Win32.ActiveCfg = Debug|Any CPU
		{7D053D00-2D76-4DB3-B5C5-2DFC9D6649FF}.Debug|x64.ActiveCfg = Debug|Any CPU
		{7D053D00-2D76-4DB3-B5C5-2DFC9D6649FF}.Debug|x86.ActiveCfg = Debug|Any CPU
		{7D053D00-2D76-4DB3-B5C5-2DFC9D6649FF}.Release|Any CPU.ActiveCfg = Release|Any CPU
		{7D053D00-2D76-4DB3-B5C5-2DFC9D6649FF}.Release|Any CPU.Build.0 = Release|Any CPU
		{7D053D00-2D76-4DB3-B5C5-2DFC9D6649FF}.Release|Mixed Platforms.ActiveCfg = Release|Any CPU
		{7D053D00-2D76-4DB3-B5C5-2DFC9D6649FF}.Release|Mixed Platforms.Build.0 = Release|Any CPU
		{7D053D00-2D76-4DB3-B5C5-2DFC9D6649FF}.Release|Win32.ActiveCfg = Release|Any CPU
		{7D053D00-2D76-4DB3-B5C5-2DFC9D6649FF}.Release|x64.ActiveCfg = Release|Any CPU
		{7D053D00-2D76-4DB3-B5C5-2DFC9D6649FF}.Release|x86.ActiveCfg = Release|Any CPU
		{7D053D00-2D76-4DB3-B5C5-2DFC9D6649FF}.Template|Any CPU.ActiveCfg = Release|Any CPU
		{7D053D00-2D76-4DB3-B5C5-2DFC9D6649FF}.Template|Any CPU.Build.0 = Release|Any CPU
		{7D053D00-2D76-4DB3-B5C5-2DFC9D6649FF}.Template|Mixed Platforms.ActiveCfg = Release|Any CPU
		{7D053D00-2D76-4DB3-B5C5-2DFC9D6649FF}.Template|Mixed Platforms.Build.0 = Release|Any CPU
		{7D053D00-2D76-4DB3-B5C5-2DFC9D6649FF}.Template|Win32.ActiveCfg = Release|Any CPU
		{7D053D00-2D76-4DB3-B5C5-2DFC9D6649FF}.Template|x64.ActiveCfg = Release|Any CPU
		{7D053D00-2D76-4DB3-B5C5-2DFC9D6649FF}.Template|x86.ActiveCfg = Release|Any CPU
		{DAF3EDDE-EC29-459E-9275-521AE1E902B5}.Debug|Any CPU.ActiveCfg = Debug|Any CPU
		{DAF3EDDE-EC29-459E-9275-521AE1E902B5}.Debug|Any CPU.Build.0 = Debug|Any CPU
		{DAF3EDDE-EC29-459E-9275-521AE1E902B5}.Debug|Mixed Platforms.ActiveCfg = Debug|Any CPU
		{DAF3EDDE-EC29-459E-9275-521AE1E902B5}.Debug|Mixed Platforms.Build.0 = Debug|Any CPU
		{DAF3EDDE-EC29-459E-9275-521AE1E902B5}.Debug|Win32.ActiveCfg = Debug|Any CPU
		{DAF3EDDE-EC29-459E-9275-521AE1E902B5}.Debug|x64.ActiveCfg = Debug|Any CPU
		{DAF3EDDE-EC29-459E-9275-521AE1E902B5}.Debug|x86.ActiveCfg = Debug|Any CPU
		{DAF3EDDE-EC29-459E-9275-521AE1E902B5}.Release|Any CPU.ActiveCfg = Release|Any CPU
		{DAF3EDDE-EC29-459E-9275-521AE1E902B5}.Release|Any CPU.Build.0 = Release|Any CPU
		{DAF3EDDE-EC29-459E-9275-521AE1E902B5}.Release|Mixed Platforms.ActiveCfg = Release|x64
		{DAF3EDDE-EC29-459E-9275-521AE1E902B5}.Release|Mixed Platforms.Build.0 = Release|x64
		{DAF3EDDE-EC29-459E-9275-521AE1E902B5}.Release|Win32.ActiveCfg = Release|Any CPU
		{DAF3EDDE-EC29-459E-9275-521AE1E902B5}.Release|x64.ActiveCfg = Release|Any CPU
		{DAF3EDDE-EC29-459E-9275-521AE1E902B5}.Release|x86.ActiveCfg = Release|x86
		{DAF3EDDE-EC29-459E-9275-521AE1E902B5}.Template|Any CPU.ActiveCfg = Release|Any CPU
		{DAF3EDDE-EC29-459E-9275-521AE1E902B5}.Template|Any CPU.Build.0 = Release|Any CPU
		{DAF3EDDE-EC29-459E-9275-521AE1E902B5}.Template|Mixed Platforms.ActiveCfg = Release|Any CPU
		{DAF3EDDE-EC29-459E-9275-521AE1E902B5}.Template|Mixed Platforms.Build.0 = Release|Any CPU
		{DAF3EDDE-EC29-459E-9275-521AE1E902B5}.Template|Win32.ActiveCfg = Release|Any CPU
		{DAF3EDDE-EC29-459E-9275-521AE1E902B5}.Template|x64.ActiveCfg = Release|Any CPU
		{DAF3EDDE-EC29-459E-9275-521AE1E902B5}.Template|x86.ActiveCfg = Release|Any CPU
		{E579B921-37DA-4DA7-B0BF-FBEB2732F937}.Debug|Any CPU.ActiveCfg = Debug|Any CPU
		{E579B921-37DA-4DA7-B0BF-FBEB2732F937}.Debug|Any CPU.Build.0 = Debug|Any CPU
		{E579B921-37DA-4DA7-B0BF-FBEB2732F937}.Debug|Mixed Platforms.ActiveCfg = Debug|x86
		{E579B921-37DA-4DA7-B0BF-FBEB2732F937}.Debug|Mixed Platforms.Build.0 = Debug|x86
		{E579B921-37DA-4DA7-B0BF-FBEB2732F937}.Debug|Win32.ActiveCfg = Debug|x86
		{E579B921-37DA-4DA7-B0BF-FBEB2732F937}.Debug|Win32.Build.0 = Debug|x86
		{E579B921-37DA-4DA7-B0BF-FBEB2732F937}.Debug|x64.ActiveCfg = Debug|Any CPU
		{E579B921-37DA-4DA7-B0BF-FBEB2732F937}.Debug|x86.ActiveCfg = Debug|x86
		{E579B921-37DA-4DA7-B0BF-FBEB2732F937}.Debug|x86.Build.0 = Debug|x86
		{E579B921-37DA-4DA7-B0BF-FBEB2732F937}.Release|Any CPU.ActiveCfg = Release|Any CPU
		{E579B921-37DA-4DA7-B0BF-FBEB2732F937}.Release|Any CPU.Build.0 = Release|Any CPU
		{E579B921-37DA-4DA7-B0BF-FBEB2732F937}.Release|Mixed Platforms.ActiveCfg = Release|x64
		{E579B921-37DA-4DA7-B0BF-FBEB2732F937}.Release|Mixed Platforms.Build.0 = Release|x64
		{E579B921-37DA-4DA7-B0BF-FBEB2732F937}.Release|Win32.ActiveCfg = Release|x86
		{E579B921-37DA-4DA7-B0BF-FBEB2732F937}.Release|Win32.Build.0 = Release|x86
		{E579B921-37DA-4DA7-B0BF-FBEB2732F937}.Release|x64.ActiveCfg = Release|Any CPU
		{E579B921-37DA-4DA7-B0BF-FBEB2732F937}.Release|x86.ActiveCfg = Release|x64
		{E579B921-37DA-4DA7-B0BF-FBEB2732F937}.Release|x86.Build.0 = Release|x64
		{E579B921-37DA-4DA7-B0BF-FBEB2732F937}.Template|Any CPU.ActiveCfg = Release|Any CPU
		{E579B921-37DA-4DA7-B0BF-FBEB2732F937}.Template|Any CPU.Build.0 = Release|Any CPU
		{E579B921-37DA-4DA7-B0BF-FBEB2732F937}.Template|Mixed Platforms.ActiveCfg = Release|x86
		{E579B921-37DA-4DA7-B0BF-FBEB2732F937}.Template|Mixed Platforms.Build.0 = Release|x86
		{E579B921-37DA-4DA7-B0BF-FBEB2732F937}.Template|Win32.ActiveCfg = Release|x86
		{E579B921-37DA-4DA7-B0BF-FBEB2732F937}.Template|Win32.Build.0 = Release|x86
		{E579B921-37DA-4DA7-B0BF-FBEB2732F937}.Template|x64.ActiveCfg = Release|Any CPU
		{E579B921-37DA-4DA7-B0BF-FBEB2732F937}.Template|x86.ActiveCfg = Release|x86
		{E579B921-37DA-4DA7-B0BF-FBEB2732F937}.Template|x86.Build.0 = Release|x86
		{FBEFD72A-8578-462A-9C53-AFF6D95D0A38}.Debug|Any CPU.ActiveCfg = Debug|Any CPU
		{FBEFD72A-8578-462A-9C53-AFF6D95D0A38}.Debug|Any CPU.Build.0 = Debug|Any CPU
		{FBEFD72A-8578-462A-9C53-AFF6D95D0A38}.Debug|Mixed Platforms.ActiveCfg = Debug|Any CPU
		{FBEFD72A-8578-462A-9C53-AFF6D95D0A38}.Debug|Mixed Platforms.Build.0 = Debug|Any CPU
		{FBEFD72A-8578-462A-9C53-AFF6D95D0A38}.Debug|Win32.ActiveCfg = Debug|Any CPU
		{FBEFD72A-8578-462A-9C53-AFF6D95D0A38}.Debug|x64.ActiveCfg = Debug|Any CPU
		{FBEFD72A-8578-462A-9C53-AFF6D95D0A38}.Debug|x86.ActiveCfg = Debug|Any CPU
		{FBEFD72A-8578-462A-9C53-AFF6D95D0A38}.Release|Any CPU.ActiveCfg = Release|Any CPU
		{FBEFD72A-8578-462A-9C53-AFF6D95D0A38}.Release|Any CPU.Build.0 = Release|Any CPU
		{FBEFD72A-8578-462A-9C53-AFF6D95D0A38}.Release|Mixed Platforms.ActiveCfg = Release|Any CPU
		{FBEFD72A-8578-462A-9C53-AFF6D95D0A38}.Release|Mixed Platforms.Build.0 = Release|Any CPU
		{FBEFD72A-8578-462A-9C53-AFF6D95D0A38}.Release|Win32.ActiveCfg = Release|Any CPU
		{FBEFD72A-8578-462A-9C53-AFF6D95D0A38}.Release|x64.ActiveCfg = Release|Any CPU
		{FBEFD72A-8578-462A-9C53-AFF6D95D0A38}.Release|x86.ActiveCfg = Release|Any CPU
		{FBEFD72A-8578-462A-9C53-AFF6D95D0A38}.Template|Any CPU.ActiveCfg = Release|Any CPU
		{FBEFD72A-8578-462A-9C53-AFF6D95D0A38}.Template|Any CPU.Build.0 = Release|Any CPU
		{FBEFD72A-8578-462A-9C53-AFF6D95D0A38}.Template|Mixed Platforms.ActiveCfg = Release|Any CPU
		{FBEFD72A-8578-462A-9C53-AFF6D95D0A38}.Template|Mixed Platforms.Build.0 = Release|Any CPU
		{FBEFD72A-8578-462A-9C53-AFF6D95D0A38}.Template|Win32.ActiveCfg = Release|Any CPU
		{FBEFD72A-8578-462A-9C53-AFF6D95D0A38}.Template|x64.ActiveCfg = Release|Any CPU
		{FBEFD72A-8578-462A-9C53-AFF6D95D0A38}.Template|x86.ActiveCfg = Release|Any CPU
		{EEF98675-3834-4542-82E4-85B15BB56D08}.Debug|Any CPU.ActiveCfg = Debug|Any CPU
		{EEF98675-3834-4542-82E4-85B15BB56D08}.Debug|Any CPU.Build.0 = Debug|Any CPU
		{EEF98675-3834-4542-82E4-85B15BB56D08}.Debug|Mixed Platforms.ActiveCfg = Debug|Any CPU
		{EEF98675-3834-4542-82E4-85B15BB56D08}.Debug|Mixed Platforms.Build.0 = Debug|Any CPU
		{EEF98675-3834-4542-82E4-85B15BB56D08}.Debug|Win32.ActiveCfg = Debug|Any CPU
		{EEF98675-3834-4542-82E4-85B15BB56D08}.Debug|x64.ActiveCfg = Debug|Any CPU
		{EEF98675-3834-4542-82E4-85B15BB56D08}.Debug|x86.ActiveCfg = Debug|Any CPU
		{EEF98675-3834-4542-82E4-85B15BB56D08}.Release|Any CPU.ActiveCfg = Release|Any CPU
		{EEF98675-3834-4542-82E4-85B15BB56D08}.Release|Any CPU.Build.0 = Release|Any CPU
		{EEF98675-3834-4542-82E4-85B15BB56D08}.Release|Mixed Platforms.ActiveCfg = Release|Any CPU
		{EEF98675-3834-4542-82E4-85B15BB56D08}.Release|Mixed Platforms.Build.0 = Release|Any CPU
		{EEF98675-3834-4542-82E4-85B15BB56D08}.Release|Win32.ActiveCfg = Release|Any CPU
		{EEF98675-3834-4542-82E4-85B15BB56D08}.Release|x64.ActiveCfg = Release|Any CPU
		{EEF98675-3834-4542-82E4-85B15BB56D08}.Release|x86.ActiveCfg = Release|Any CPU
		{EEF98675-3834-4542-82E4-85B15BB56D08}.Template|Any CPU.ActiveCfg = Release|Any CPU
		{EEF98675-3834-4542-82E4-85B15BB56D08}.Template|Any CPU.Build.0 = Release|Any CPU
		{EEF98675-3834-4542-82E4-85B15BB56D08}.Template|Mixed Platforms.ActiveCfg = Release|Any CPU
		{EEF98675-3834-4542-82E4-85B15BB56D08}.Template|Mixed Platforms.Build.0 = Release|Any CPU
		{EEF98675-3834-4542-82E4-85B15BB56D08}.Template|Win32.ActiveCfg = Release|Any CPU
		{EEF98675-3834-4542-82E4-85B15BB56D08}.Template|x64.ActiveCfg = Release|Any CPU
		{EEF98675-3834-4542-82E4-85B15BB56D08}.Template|x86.ActiveCfg = Release|Any CPU
		{154F68A9-D5F5-49E4-941A-CC858DCE9D4B}.Debug|Any CPU.ActiveCfg = Debug|Any CPU
		{154F68A9-D5F5-49E4-941A-CC858DCE9D4B}.Debug|Any CPU.Build.0 = Debug|Any CPU
		{154F68A9-D5F5-49E4-941A-CC858DCE9D4B}.Debug|Mixed Platforms.ActiveCfg = Debug|Any CPU
		{154F68A9-D5F5-49E4-941A-CC858DCE9D4B}.Debug|Mixed Platforms.Build.0 = Debug|Any CPU
		{154F68A9-D5F5-49E4-941A-CC858DCE9D4B}.Debug|Win32.ActiveCfg = Debug|Any CPU
		{154F68A9-D5F5-49E4-941A-CC858DCE9D4B}.Debug|x64.ActiveCfg = Debug|Any CPU
		{154F68A9-D5F5-49E4-941A-CC858DCE9D4B}.Debug|x86.ActiveCfg = Debug|Any CPU
		{154F68A9-D5F5-49E4-941A-CC858DCE9D4B}.Release|Any CPU.ActiveCfg = Release|Any CPU
		{154F68A9-D5F5-49E4-941A-CC858DCE9D4B}.Release|Any CPU.Build.0 = Release|Any CPU
		{154F68A9-D5F5-49E4-941A-CC858DCE9D4B}.Release|Mixed Platforms.ActiveCfg = Release|Any CPU
		{154F68A9-D5F5-49E4-941A-CC858DCE9D4B}.Release|Mixed Platforms.Build.0 = Release|Any CPU
		{154F68A9-D5F5-49E4-941A-CC858DCE9D4B}.Release|Win32.ActiveCfg = Release|Any CPU
		{154F68A9-D5F5-49E4-941A-CC858DCE9D4B}.Release|x64.ActiveCfg = Release|Any CPU
		{154F68A9-D5F5-49E4-941A-CC858DCE9D4B}.Release|x86.ActiveCfg = Release|Any CPU
		{154F68A9-D5F5-49E4-941A-CC858DCE9D4B}.Template|Any CPU.ActiveCfg = Release|Any CPU
		{154F68A9-D5F5-49E4-941A-CC858DCE9D4B}.Template|Any CPU.Build.0 = Release|Any CPU
		{154F68A9-D5F5-49E4-941A-CC858DCE9D4B}.Template|Mixed Platforms.ActiveCfg = Release|Any CPU
		{154F68A9-D5F5-49E4-941A-CC858DCE9D4B}.Template|Mixed Platforms.Build.0 = Release|Any CPU
		{154F68A9-D5F5-49E4-941A-CC858DCE9D4B}.Template|Win32.ActiveCfg = Release|Any CPU
		{154F68A9-D5F5-49E4-941A-CC858DCE9D4B}.Template|x64.ActiveCfg = Release|Any CPU
		{154F68A9-D5F5-49E4-941A-CC858DCE9D4B}.Template|x86.ActiveCfg = Release|Any CPU
		{9C36ABE3-3F1D-4F91-9843-BC770C351723}.Debug|Any CPU.ActiveCfg = Debug|Any CPU
		{9C36ABE3-3F1D-4F91-9843-BC770C351723}.Debug|Any CPU.Build.0 = Debug|Any CPU
		{9C36ABE3-3F1D-4F91-9843-BC770C351723}.Debug|Mixed Platforms.ActiveCfg = Debug|Any CPU
		{9C36ABE3-3F1D-4F91-9843-BC770C351723}.Debug|Mixed Platforms.Build.0 = Debug|Any CPU
		{9C36ABE3-3F1D-4F91-9843-BC770C351723}.Debug|Win32.ActiveCfg = Debug|Any CPU
		{9C36ABE3-3F1D-4F91-9843-BC770C351723}.Debug|x64.ActiveCfg = Debug|Any CPU
		{9C36ABE3-3F1D-4F91-9843-BC770C351723}.Debug|x86.ActiveCfg = Debug|Any CPU
		{9C36ABE3-3F1D-4F91-9843-BC770C351723}.Release|Any CPU.ActiveCfg = Release|Any CPU
		{9C36ABE3-3F1D-4F91-9843-BC770C351723}.Release|Any CPU.Build.0 = Release|Any CPU
		{9C36ABE3-3F1D-4F91-9843-BC770C351723}.Release|Mixed Platforms.ActiveCfg = Release|Any CPU
		{9C36ABE3-3F1D-4F91-9843-BC770C351723}.Release|Mixed Platforms.Build.0 = Release|Any CPU
		{9C36ABE3-3F1D-4F91-9843-BC770C351723}.Release|Win32.ActiveCfg = Release|Any CPU
		{9C36ABE3-3F1D-4F91-9843-BC770C351723}.Release|x64.ActiveCfg = Release|Any CPU
		{9C36ABE3-3F1D-4F91-9843-BC770C351723}.Release|x86.ActiveCfg = Release|Any CPU
		{9C36ABE3-3F1D-4F91-9843-BC770C351723}.Template|Any CPU.ActiveCfg = Release|Any CPU
		{9C36ABE3-3F1D-4F91-9843-BC770C351723}.Template|Any CPU.Build.0 = Release|Any CPU
		{9C36ABE3-3F1D-4F91-9843-BC770C351723}.Template|Mixed Platforms.ActiveCfg = Release|Any CPU
		{9C36ABE3-3F1D-4F91-9843-BC770C351723}.Template|Mixed Platforms.Build.0 = Release|Any CPU
		{9C36ABE3-3F1D-4F91-9843-BC770C351723}.Template|Win32.ActiveCfg = Release|Any CPU
		{9C36ABE3-3F1D-4F91-9843-BC770C351723}.Template|x64.ActiveCfg = Release|Any CPU
		{9C36ABE3-3F1D-4F91-9843-BC770C351723}.Template|x86.ActiveCfg = Release|Any CPU
		{9C73B943-83D5-4467-B1DE-2A723B67D720}.Debug|Any CPU.ActiveCfg = Debug|Any CPU
		{9C73B943-83D5-4467-B1DE-2A723B67D720}.Debug|Any CPU.Build.0 = Debug|Any CPU
		{9C73B943-83D5-4467-B1DE-2A723B67D720}.Debug|Mixed Platforms.ActiveCfg = Debug|Any CPU
		{9C73B943-83D5-4467-B1DE-2A723B67D720}.Debug|Mixed Platforms.Build.0 = Debug|Any CPU
		{9C73B943-83D5-4467-B1DE-2A723B67D720}.Debug|Win32.ActiveCfg = Debug|Any CPU
		{9C73B943-83D5-4467-B1DE-2A723B67D720}.Debug|x64.ActiveCfg = Debug|Any CPU
		{9C73B943-83D5-4467-B1DE-2A723B67D720}.Debug|x86.ActiveCfg = Debug|Any CPU
		{9C73B943-83D5-4467-B1DE-2A723B67D720}.Release|Any CPU.ActiveCfg = Release|Any CPU
		{9C73B943-83D5-4467-B1DE-2A723B67D720}.Release|Any CPU.Build.0 = Release|Any CPU
		{9C73B943-83D5-4467-B1DE-2A723B67D720}.Release|Mixed Platforms.ActiveCfg = Release|Any CPU
		{9C73B943-83D5-4467-B1DE-2A723B67D720}.Release|Mixed Platforms.Build.0 = Release|Any CPU
		{9C73B943-83D5-4467-B1DE-2A723B67D720}.Release|Win32.ActiveCfg = Release|Any CPU
		{9C73B943-83D5-4467-B1DE-2A723B67D720}.Release|x64.ActiveCfg = Release|Any CPU
		{9C73B943-83D5-4467-B1DE-2A723B67D720}.Release|x86.ActiveCfg = Release|Any CPU
		{9C73B943-83D5-4467-B1DE-2A723B67D720}.Template|Any CPU.ActiveCfg = Release|Any CPU
		{9C73B943-83D5-4467-B1DE-2A723B67D720}.Template|Any CPU.Build.0 = Release|Any CPU
		{9C73B943-83D5-4467-B1DE-2A723B67D720}.Template|Mixed Platforms.ActiveCfg = Release|Any CPU
		{9C73B943-83D5-4467-B1DE-2A723B67D720}.Template|Mixed Platforms.Build.0 = Release|Any CPU
		{9C73B943-83D5-4467-B1DE-2A723B67D720}.Template|Win32.ActiveCfg = Release|Any CPU
		{9C73B943-83D5-4467-B1DE-2A723B67D720}.Template|x64.ActiveCfg = Release|Any CPU
		{9C73B943-83D5-4467-B1DE-2A723B67D720}.Template|x86.ActiveCfg = Release|Any CPU
		{D9A766AD-5DF5-46D6-B9F6-09DD7269A53C}.Debug|Any CPU.ActiveCfg = Debug|Any CPU
		{D9A766AD-5DF5-46D6-B9F6-09DD7269A53C}.Debug|Any CPU.Build.0 = Debug|Any CPU
		{D9A766AD-5DF5-46D6-B9F6-09DD7269A53C}.Debug|Mixed Platforms.ActiveCfg = Debug|Any CPU
		{D9A766AD-5DF5-46D6-B9F6-09DD7269A53C}.Debug|Mixed Platforms.Build.0 = Debug|Any CPU
		{D9A766AD-5DF5-46D6-B9F6-09DD7269A53C}.Debug|Win32.ActiveCfg = Debug|Any CPU
		{D9A766AD-5DF5-46D6-B9F6-09DD7269A53C}.Debug|x64.ActiveCfg = Debug|Any CPU
		{D9A766AD-5DF5-46D6-B9F6-09DD7269A53C}.Debug|x86.ActiveCfg = Debug|Any CPU
		{D9A766AD-5DF5-46D6-B9F6-09DD7269A53C}.Release|Any CPU.ActiveCfg = Release|Any CPU
		{D9A766AD-5DF5-46D6-B9F6-09DD7269A53C}.Release|Any CPU.Build.0 = Release|Any CPU
		{D9A766AD-5DF5-46D6-B9F6-09DD7269A53C}.Release|Mixed Platforms.ActiveCfg = Release|Any CPU
		{D9A766AD-5DF5-46D6-B9F6-09DD7269A53C}.Release|Mixed Platforms.Build.0 = Release|Any CPU
		{D9A766AD-5DF5-46D6-B9F6-09DD7269A53C}.Release|Win32.ActiveCfg = Release|Any CPU
		{D9A766AD-5DF5-46D6-B9F6-09DD7269A53C}.Release|x64.ActiveCfg = Release|Any CPU
		{D9A766AD-5DF5-46D6-B9F6-09DD7269A53C}.Release|x86.ActiveCfg = Release|Any CPU
		{D9A766AD-5DF5-46D6-B9F6-09DD7269A53C}.Template|Any CPU.ActiveCfg = Release|Any CPU
		{D9A766AD-5DF5-46D6-B9F6-09DD7269A53C}.Template|Any CPU.Build.0 = Release|Any CPU
		{D9A766AD-5DF5-46D6-B9F6-09DD7269A53C}.Template|Mixed Platforms.ActiveCfg = Release|Any CPU
		{D9A766AD-5DF5-46D6-B9F6-09DD7269A53C}.Template|Mixed Platforms.Build.0 = Release|Any CPU
		{D9A766AD-5DF5-46D6-B9F6-09DD7269A53C}.Template|Win32.ActiveCfg = Release|Any CPU
		{D9A766AD-5DF5-46D6-B9F6-09DD7269A53C}.Template|x64.ActiveCfg = Release|Any CPU
		{D9A766AD-5DF5-46D6-B9F6-09DD7269A53C}.Template|x86.ActiveCfg = Release|Any CPU
		{328017C2-C977-47CF-AD42-D8CD7CAEBB7B}.Debug|Any CPU.ActiveCfg = Debug|Any CPU
		{328017C2-C977-47CF-AD42-D8CD7CAEBB7B}.Debug|Any CPU.Build.0 = Debug|Any CPU
		{328017C2-C977-47CF-AD42-D8CD7CAEBB7B}.Debug|Mixed Platforms.ActiveCfg = Debug|Any CPU
		{328017C2-C977-47CF-AD42-D8CD7CAEBB7B}.Debug|Mixed Platforms.Build.0 = Debug|Any CPU
		{328017C2-C977-47CF-AD42-D8CD7CAEBB7B}.Debug|Win32.ActiveCfg = Debug|Any CPU
		{328017C2-C977-47CF-AD42-D8CD7CAEBB7B}.Debug|x64.ActiveCfg = Debug|Any CPU
		{328017C2-C977-47CF-AD42-D8CD7CAEBB7B}.Debug|x86.ActiveCfg = Debug|Any CPU
		{328017C2-C977-47CF-AD42-D8CD7CAEBB7B}.Release|Any CPU.ActiveCfg = Release|Any CPU
		{328017C2-C977-47CF-AD42-D8CD7CAEBB7B}.Release|Any CPU.Build.0 = Release|Any CPU
		{328017C2-C977-47CF-AD42-D8CD7CAEBB7B}.Release|Mixed Platforms.ActiveCfg = Release|x64
		{328017C2-C977-47CF-AD42-D8CD7CAEBB7B}.Release|Mixed Platforms.Build.0 = Release|x64
		{328017C2-C977-47CF-AD42-D8CD7CAEBB7B}.Release|Win32.ActiveCfg = Release|Any CPU
		{328017C2-C977-47CF-AD42-D8CD7CAEBB7B}.Release|x64.ActiveCfg = Release|Any CPU
		{328017C2-C977-47CF-AD42-D8CD7CAEBB7B}.Release|x86.ActiveCfg = Release|Any CPU
		{328017C2-C977-47CF-AD42-D8CD7CAEBB7B}.Template|Any CPU.ActiveCfg = Release|Any CPU
		{328017C2-C977-47CF-AD42-D8CD7CAEBB7B}.Template|Any CPU.Build.0 = Release|Any CPU
		{328017C2-C977-47CF-AD42-D8CD7CAEBB7B}.Template|Mixed Platforms.ActiveCfg = Release|Any CPU
		{328017C2-C977-47CF-AD42-D8CD7CAEBB7B}.Template|Mixed Platforms.Build.0 = Release|Any CPU
		{328017C2-C977-47CF-AD42-D8CD7CAEBB7B}.Template|Win32.ActiveCfg = Release|Any CPU
		{328017C2-C977-47CF-AD42-D8CD7CAEBB7B}.Template|x64.ActiveCfg = Release|Any CPU
		{328017C2-C977-47CF-AD42-D8CD7CAEBB7B}.Template|x86.ActiveCfg = Release|Any CPU
		{3B4FBB66-598A-46B8-89FF-F6FA73CB6D7B}.Debug|Any CPU.ActiveCfg = Debug|Win32
		{3B4FBB66-598A-46B8-89FF-F6FA73CB6D7B}.Debug|Mixed Platforms.ActiveCfg = Debug|Win32
		{3B4FBB66-598A-46B8-89FF-F6FA73CB6D7B}.Debug|Mixed Platforms.Build.0 = Debug|Win32
		{3B4FBB66-598A-46B8-89FF-F6FA73CB6D7B}.Debug|Win32.ActiveCfg = Debug|Win32
		{3B4FBB66-598A-46B8-89FF-F6FA73CB6D7B}.Debug|Win32.Build.0 = Debug|Win32
		{3B4FBB66-598A-46B8-89FF-F6FA73CB6D7B}.Debug|x64.ActiveCfg = Debug|x64
		{3B4FBB66-598A-46B8-89FF-F6FA73CB6D7B}.Debug|x64.Build.0 = Debug|x64
		{3B4FBB66-598A-46B8-89FF-F6FA73CB6D7B}.Debug|x86.ActiveCfg = Debug|Win32
		{3B4FBB66-598A-46B8-89FF-F6FA73CB6D7B}.Debug|x86.Build.0 = Debug|Win32
		{3B4FBB66-598A-46B8-89FF-F6FA73CB6D7B}.Release|Any CPU.ActiveCfg = Release|Win32
		{3B4FBB66-598A-46B8-89FF-F6FA73CB6D7B}.Release|Mixed Platforms.ActiveCfg = Release|x64
		{3B4FBB66-598A-46B8-89FF-F6FA73CB6D7B}.Release|Mixed Platforms.Build.0 = Release|x64
		{3B4FBB66-598A-46B8-89FF-F6FA73CB6D7B}.Release|Win32.ActiveCfg = Release|Win32
		{3B4FBB66-598A-46B8-89FF-F6FA73CB6D7B}.Release|Win32.Build.0 = Release|Win32
		{3B4FBB66-598A-46B8-89FF-F6FA73CB6D7B}.Release|x64.ActiveCfg = Release|x64
		{3B4FBB66-598A-46B8-89FF-F6FA73CB6D7B}.Release|x64.Build.0 = Release|x64
		{3B4FBB66-598A-46B8-89FF-F6FA73CB6D7B}.Release|x86.ActiveCfg = Release|Win32
		{3B4FBB66-598A-46B8-89FF-F6FA73CB6D7B}.Release|x86.Build.0 = Release|Win32
		{3B4FBB66-598A-46B8-89FF-F6FA73CB6D7B}.Template|Any CPU.ActiveCfg = Release|Win32
		{3B4FBB66-598A-46B8-89FF-F6FA73CB6D7B}.Template|Mixed Platforms.ActiveCfg = Release|Win32
		{3B4FBB66-598A-46B8-89FF-F6FA73CB6D7B}.Template|Mixed Platforms.Build.0 = Release|Win32
		{3B4FBB66-598A-46B8-89FF-F6FA73CB6D7B}.Template|Win32.ActiveCfg = Release|Win32
		{3B4FBB66-598A-46B8-89FF-F6FA73CB6D7B}.Template|Win32.Build.0 = Release|Win32
		{3B4FBB66-598A-46B8-89FF-F6FA73CB6D7B}.Template|x64.ActiveCfg = Release|x64
		{3B4FBB66-598A-46B8-89FF-F6FA73CB6D7B}.Template|x64.Build.0 = Release|x64
		{3B4FBB66-598A-46B8-89FF-F6FA73CB6D7B}.Template|x86.ActiveCfg = Release|Win32
		{3B4FBB66-598A-46B8-89FF-F6FA73CB6D7B}.Template|x86.Build.0 = Release|Win32
		{EB0AD1C6-FC11-4622-931F-974C18F8357F}.Debug|Any CPU.ActiveCfg = Debug|Any CPU
		{EB0AD1C6-FC11-4622-931F-974C18F8357F}.Debug|Any CPU.Build.0 = Debug|Any CPU
		{EB0AD1C6-FC11-4622-931F-974C18F8357F}.Debug|Mixed Platforms.ActiveCfg = Debug|Any CPU
		{EB0AD1C6-FC11-4622-931F-974C18F8357F}.Debug|Mixed Platforms.Build.0 = Debug|Any CPU
		{EB0AD1C6-FC11-4622-931F-974C18F8357F}.Debug|Win32.ActiveCfg = Debug|Any CPU
		{EB0AD1C6-FC11-4622-931F-974C18F8357F}.Debug|x64.ActiveCfg = Debug|Any CPU
		{EB0AD1C6-FC11-4622-931F-974C18F8357F}.Debug|x86.ActiveCfg = Debug|Any CPU
		{EB0AD1C6-FC11-4622-931F-974C18F8357F}.Release|Any CPU.ActiveCfg = Release|Any CPU
		{EB0AD1C6-FC11-4622-931F-974C18F8357F}.Release|Any CPU.Build.0 = Release|Any CPU
		{EB0AD1C6-FC11-4622-931F-974C18F8357F}.Release|Mixed Platforms.ActiveCfg = Release|Any CPU
		{EB0AD1C6-FC11-4622-931F-974C18F8357F}.Release|Mixed Platforms.Build.0 = Release|Any CPU
		{EB0AD1C6-FC11-4622-931F-974C18F8357F}.Release|Win32.ActiveCfg = Release|Any CPU
		{EB0AD1C6-FC11-4622-931F-974C18F8357F}.Release|x64.ActiveCfg = Release|Any CPU
		{EB0AD1C6-FC11-4622-931F-974C18F8357F}.Release|x86.ActiveCfg = Release|Any CPU
		{EB0AD1C6-FC11-4622-931F-974C18F8357F}.Template|Any CPU.ActiveCfg = Release|Any CPU
		{EB0AD1C6-FC11-4622-931F-974C18F8357F}.Template|Any CPU.Build.0 = Release|Any CPU
		{EB0AD1C6-FC11-4622-931F-974C18F8357F}.Template|Mixed Platforms.ActiveCfg = Release|Any CPU
		{EB0AD1C6-FC11-4622-931F-974C18F8357F}.Template|Mixed Platforms.Build.0 = Release|Any CPU
		{EB0AD1C6-FC11-4622-931F-974C18F8357F}.Template|Win32.ActiveCfg = Release|Any CPU
		{EB0AD1C6-FC11-4622-931F-974C18F8357F}.Template|x64.ActiveCfg = Release|Any CPU
		{EB0AD1C6-FC11-4622-931F-974C18F8357F}.Template|x86.ActiveCfg = Release|Any CPU
		{47EFEDE9-B653-40EE-A34B-483E5F96D004}.Debug|Any CPU.ActiveCfg = Debug|Any CPU
		{47EFEDE9-B653-40EE-A34B-483E5F96D004}.Debug|Any CPU.Build.0 = Debug|Any CPU
		{47EFEDE9-B653-40EE-A34B-483E5F96D004}.Debug|Mixed Platforms.ActiveCfg = Debug|Any CPU
		{47EFEDE9-B653-40EE-A34B-483E5F96D004}.Debug|Mixed Platforms.Build.0 = Debug|Any CPU
		{47EFEDE9-B653-40EE-A34B-483E5F96D004}.Debug|Win32.ActiveCfg = Debug|Any CPU
		{47EFEDE9-B653-40EE-A34B-483E5F96D004}.Debug|x64.ActiveCfg = Debug|Any CPU
		{47EFEDE9-B653-40EE-A34B-483E5F96D004}.Debug|x86.ActiveCfg = Debug|Any CPU
		{47EFEDE9-B653-40EE-A34B-483E5F96D004}.Release|Any CPU.ActiveCfg = Release|Any CPU
		{47EFEDE9-B653-40EE-A34B-483E5F96D004}.Release|Any CPU.Build.0 = Release|Any CPU
		{47EFEDE9-B653-40EE-A34B-483E5F96D004}.Release|Mixed Platforms.ActiveCfg = Release|Any CPU
		{47EFEDE9-B653-40EE-A34B-483E5F96D004}.Release|Mixed Platforms.Build.0 = Release|Any CPU
		{47EFEDE9-B653-40EE-A34B-483E5F96D004}.Release|Win32.ActiveCfg = Release|Any CPU
		{47EFEDE9-B653-40EE-A34B-483E5F96D004}.Release|x64.ActiveCfg = Release|Any CPU
		{47EFEDE9-B653-40EE-A34B-483E5F96D004}.Release|x86.ActiveCfg = Release|Any CPU
		{47EFEDE9-B653-40EE-A34B-483E5F96D004}.Template|Any CPU.ActiveCfg = Release|Any CPU
		{47EFEDE9-B653-40EE-A34B-483E5F96D004}.Template|Any CPU.Build.0 = Release|Any CPU
		{47EFEDE9-B653-40EE-A34B-483E5F96D004}.Template|Mixed Platforms.ActiveCfg = Release|Any CPU
		{47EFEDE9-B653-40EE-A34B-483E5F96D004}.Template|Mixed Platforms.Build.0 = Release|Any CPU
		{47EFEDE9-B653-40EE-A34B-483E5F96D004}.Template|Win32.ActiveCfg = Release|Any CPU
		{47EFEDE9-B653-40EE-A34B-483E5F96D004}.Template|x64.ActiveCfg = Release|Any CPU
		{47EFEDE9-B653-40EE-A34B-483E5F96D004}.Template|x86.ActiveCfg = Release|Any CPU
		{63D3AF8E-11D1-4D4E-B791-7FBF09E9AEF3}.Debug|Any CPU.ActiveCfg = Debug|Any CPU
		{63D3AF8E-11D1-4D4E-B791-7FBF09E9AEF3}.Debug|Any CPU.Build.0 = Debug|Any CPU
		{63D3AF8E-11D1-4D4E-B791-7FBF09E9AEF3}.Debug|Mixed Platforms.ActiveCfg = Debug|Any CPU
		{63D3AF8E-11D1-4D4E-B791-7FBF09E9AEF3}.Debug|Mixed Platforms.Build.0 = Debug|Any CPU
		{63D3AF8E-11D1-4D4E-B791-7FBF09E9AEF3}.Debug|Win32.ActiveCfg = Debug|Any CPU
		{63D3AF8E-11D1-4D4E-B791-7FBF09E9AEF3}.Debug|x64.ActiveCfg = Debug|Any CPU
		{63D3AF8E-11D1-4D4E-B791-7FBF09E9AEF3}.Debug|x86.ActiveCfg = Debug|Any CPU
		{63D3AF8E-11D1-4D4E-B791-7FBF09E9AEF3}.Release|Any CPU.ActiveCfg = Release|Any CPU
		{63D3AF8E-11D1-4D4E-B791-7FBF09E9AEF3}.Release|Any CPU.Build.0 = Release|Any CPU
		{63D3AF8E-11D1-4D4E-B791-7FBF09E9AEF3}.Release|Mixed Platforms.ActiveCfg = Release|Any CPU
		{63D3AF8E-11D1-4D4E-B791-7FBF09E9AEF3}.Release|Mixed Platforms.Build.0 = Release|Any CPU
		{63D3AF8E-11D1-4D4E-B791-7FBF09E9AEF3}.Release|Win32.ActiveCfg = Release|Any CPU
		{63D3AF8E-11D1-4D4E-B791-7FBF09E9AEF3}.Release|x64.ActiveCfg = Release|Any CPU
		{63D3AF8E-11D1-4D4E-B791-7FBF09E9AEF3}.Release|x86.ActiveCfg = Release|Any CPU
		{63D3AF8E-11D1-4D4E-B791-7FBF09E9AEF3}.Template|Any CPU.ActiveCfg = Release|Any CPU
		{63D3AF8E-11D1-4D4E-B791-7FBF09E9AEF3}.Template|Any CPU.Build.0 = Release|Any CPU
		{63D3AF8E-11D1-4D4E-B791-7FBF09E9AEF3}.Template|Mixed Platforms.ActiveCfg = Release|Any CPU
		{63D3AF8E-11D1-4D4E-B791-7FBF09E9AEF3}.Template|Mixed Platforms.Build.0 = Release|Any CPU
		{63D3AF8E-11D1-4D4E-B791-7FBF09E9AEF3}.Template|Win32.ActiveCfg = Release|Any CPU
		{63D3AF8E-11D1-4D4E-B791-7FBF09E9AEF3}.Template|x64.ActiveCfg = Release|Any CPU
		{63D3AF8E-11D1-4D4E-B791-7FBF09E9AEF3}.Template|x86.ActiveCfg = Release|Any CPU
		{B4798ED4-133C-48EC-AACA-B2868703E4AA}.Debug|Any CPU.ActiveCfg = Debug|Any CPU
		{B4798ED4-133C-48EC-AACA-B2868703E4AA}.Debug|Any CPU.Build.0 = Debug|Any CPU
		{B4798ED4-133C-48EC-AACA-B2868703E4AA}.Debug|Mixed Platforms.ActiveCfg = Debug|Any CPU
		{B4798ED4-133C-48EC-AACA-B2868703E4AA}.Debug|Mixed Platforms.Build.0 = Debug|Any CPU
		{B4798ED4-133C-48EC-AACA-B2868703E4AA}.Debug|Win32.ActiveCfg = Debug|Any CPU
		{B4798ED4-133C-48EC-AACA-B2868703E4AA}.Debug|x64.ActiveCfg = Debug|Any CPU
		{B4798ED4-133C-48EC-AACA-B2868703E4AA}.Debug|x86.ActiveCfg = Debug|Any CPU
		{B4798ED4-133C-48EC-AACA-B2868703E4AA}.Release|Any CPU.ActiveCfg = Release|Any CPU
		{B4798ED4-133C-48EC-AACA-B2868703E4AA}.Release|Any CPU.Build.0 = Release|Any CPU
		{B4798ED4-133C-48EC-AACA-B2868703E4AA}.Release|Mixed Platforms.ActiveCfg = Release|Any CPU
		{B4798ED4-133C-48EC-AACA-B2868703E4AA}.Release|Mixed Platforms.Build.0 = Release|Any CPU
		{B4798ED4-133C-48EC-AACA-B2868703E4AA}.Release|Win32.ActiveCfg = Release|Any CPU
		{B4798ED4-133C-48EC-AACA-B2868703E4AA}.Release|x64.ActiveCfg = Release|Any CPU
		{B4798ED4-133C-48EC-AACA-B2868703E4AA}.Release|x86.ActiveCfg = Release|Any CPU
		{B4798ED4-133C-48EC-AACA-B2868703E4AA}.Template|Any CPU.ActiveCfg = Release|Any CPU
		{B4798ED4-133C-48EC-AACA-B2868703E4AA}.Template|Any CPU.Build.0 = Release|Any CPU
		{B4798ED4-133C-48EC-AACA-B2868703E4AA}.Template|Mixed Platforms.ActiveCfg = Release|Any CPU
		{B4798ED4-133C-48EC-AACA-B2868703E4AA}.Template|Mixed Platforms.Build.0 = Release|Any CPU
		{B4798ED4-133C-48EC-AACA-B2868703E4AA}.Template|Win32.ActiveCfg = Release|Any CPU
		{B4798ED4-133C-48EC-AACA-B2868703E4AA}.Template|x64.ActiveCfg = Release|Any CPU
		{B4798ED4-133C-48EC-AACA-B2868703E4AA}.Template|x86.ActiveCfg = Release|Any CPU
		{1EB1B6EA-12A4-4D0B-A92F-A21B34579B6D}.Debug|Any CPU.ActiveCfg = Debug|Any CPU
		{1EB1B6EA-12A4-4D0B-A92F-A21B34579B6D}.Debug|Any CPU.Build.0 = Debug|Any CPU
		{1EB1B6EA-12A4-4D0B-A92F-A21B34579B6D}.Debug|Mixed Platforms.ActiveCfg = Debug|Any CPU
		{1EB1B6EA-12A4-4D0B-A92F-A21B34579B6D}.Debug|Mixed Platforms.Build.0 = Debug|Any CPU
		{1EB1B6EA-12A4-4D0B-A92F-A21B34579B6D}.Debug|Win32.ActiveCfg = Debug|Any CPU
		{1EB1B6EA-12A4-4D0B-A92F-A21B34579B6D}.Debug|x64.ActiveCfg = Debug|Any CPU
		{1EB1B6EA-12A4-4D0B-A92F-A21B34579B6D}.Debug|x86.ActiveCfg = Debug|Any CPU
		{1EB1B6EA-12A4-4D0B-A92F-A21B34579B6D}.Release|Any CPU.ActiveCfg = Release|Any CPU
		{1EB1B6EA-12A4-4D0B-A92F-A21B34579B6D}.Release|Any CPU.Build.0 = Release|Any CPU
		{1EB1B6EA-12A4-4D0B-A92F-A21B34579B6D}.Release|Mixed Platforms.ActiveCfg = Release|Any CPU
		{1EB1B6EA-12A4-4D0B-A92F-A21B34579B6D}.Release|Mixed Platforms.Build.0 = Release|Any CPU
		{1EB1B6EA-12A4-4D0B-A92F-A21B34579B6D}.Release|Win32.ActiveCfg = Release|Any CPU
		{1EB1B6EA-12A4-4D0B-A92F-A21B34579B6D}.Release|x64.ActiveCfg = Release|Any CPU
		{1EB1B6EA-12A4-4D0B-A92F-A21B34579B6D}.Release|x86.ActiveCfg = Release|Any CPU
		{1EB1B6EA-12A4-4D0B-A92F-A21B34579B6D}.Template|Any CPU.ActiveCfg = Release|Any CPU
		{1EB1B6EA-12A4-4D0B-A92F-A21B34579B6D}.Template|Any CPU.Build.0 = Release|Any CPU
		{1EB1B6EA-12A4-4D0B-A92F-A21B34579B6D}.Template|Mixed Platforms.ActiveCfg = Release|Any CPU
		{1EB1B6EA-12A4-4D0B-A92F-A21B34579B6D}.Template|Mixed Platforms.Build.0 = Release|Any CPU
		{1EB1B6EA-12A4-4D0B-A92F-A21B34579B6D}.Template|Win32.ActiveCfg = Release|Any CPU
		{1EB1B6EA-12A4-4D0B-A92F-A21B34579B6D}.Template|x64.ActiveCfg = Release|Any CPU
		{1EB1B6EA-12A4-4D0B-A92F-A21B34579B6D}.Template|x86.ActiveCfg = Release|Any CPU
		{5821643F-1906-497C-BC75-87091956B19C}.Debug|Any CPU.ActiveCfg = Debug|Any CPU
		{5821643F-1906-497C-BC75-87091956B19C}.Debug|Any CPU.Build.0 = Debug|Any CPU
		{5821643F-1906-497C-BC75-87091956B19C}.Debug|Mixed Platforms.ActiveCfg = Debug|Any CPU
		{5821643F-1906-497C-BC75-87091956B19C}.Debug|Mixed Platforms.Build.0 = Debug|Any CPU
		{5821643F-1906-497C-BC75-87091956B19C}.Debug|Win32.ActiveCfg = Debug|Any CPU
		{5821643F-1906-497C-BC75-87091956B19C}.Debug|x64.ActiveCfg = Debug|Any CPU
		{5821643F-1906-497C-BC75-87091956B19C}.Debug|x86.ActiveCfg = Debug|Any CPU
		{5821643F-1906-497C-BC75-87091956B19C}.Release|Any CPU.ActiveCfg = Release|Any CPU
		{5821643F-1906-497C-BC75-87091956B19C}.Release|Any CPU.Build.0 = Release|Any CPU
		{5821643F-1906-497C-BC75-87091956B19C}.Release|Mixed Platforms.ActiveCfg = Release|Any CPU
		{5821643F-1906-497C-BC75-87091956B19C}.Release|Mixed Platforms.Build.0 = Release|Any CPU
		{5821643F-1906-497C-BC75-87091956B19C}.Release|Win32.ActiveCfg = Release|Any CPU
		{5821643F-1906-497C-BC75-87091956B19C}.Release|x64.ActiveCfg = Release|Any CPU
		{5821643F-1906-497C-BC75-87091956B19C}.Release|x86.ActiveCfg = Release|Any CPU
		{5821643F-1906-497C-BC75-87091956B19C}.Template|Any CPU.ActiveCfg = Release|Any CPU
		{5821643F-1906-497C-BC75-87091956B19C}.Template|Any CPU.Build.0 = Release|Any CPU
		{5821643F-1906-497C-BC75-87091956B19C}.Template|Mixed Platforms.ActiveCfg = Release|Any CPU
		{5821643F-1906-497C-BC75-87091956B19C}.Template|Mixed Platforms.Build.0 = Release|Any CPU
		{5821643F-1906-497C-BC75-87091956B19C}.Template|Win32.ActiveCfg = Release|Any CPU
		{5821643F-1906-497C-BC75-87091956B19C}.Template|x64.ActiveCfg = Release|Any CPU
		{5821643F-1906-497C-BC75-87091956B19C}.Template|x86.ActiveCfg = Release|Any CPU
		{7C99C628-6AF4-4845-9810-C76D47B5556B}.Debug|Any CPU.ActiveCfg = Debug|Any CPU
		{7C99C628-6AF4-4845-9810-C76D47B5556B}.Debug|Any CPU.Build.0 = Debug|Any CPU
		{7C99C628-6AF4-4845-9810-C76D47B5556B}.Debug|Mixed Platforms.ActiveCfg = Debug|Any CPU
		{7C99C628-6AF4-4845-9810-C76D47B5556B}.Debug|Mixed Platforms.Build.0 = Debug|Any CPU
		{7C99C628-6AF4-4845-9810-C76D47B5556B}.Debug|Win32.ActiveCfg = Debug|Any CPU
		{7C99C628-6AF4-4845-9810-C76D47B5556B}.Debug|x64.ActiveCfg = Debug|Any CPU
		{7C99C628-6AF4-4845-9810-C76D47B5556B}.Debug|x86.ActiveCfg = Debug|Any CPU
		{7C99C628-6AF4-4845-9810-C76D47B5556B}.Release|Any CPU.ActiveCfg = Release|Any CPU
		{7C99C628-6AF4-4845-9810-C76D47B5556B}.Release|Any CPU.Build.0 = Release|Any CPU
		{7C99C628-6AF4-4845-9810-C76D47B5556B}.Release|Mixed Platforms.ActiveCfg = Release|Any CPU
		{7C99C628-6AF4-4845-9810-C76D47B5556B}.Release|Mixed Platforms.Build.0 = Release|Any CPU
		{7C99C628-6AF4-4845-9810-C76D47B5556B}.Release|Win32.ActiveCfg = Release|Any CPU
		{7C99C628-6AF4-4845-9810-C76D47B5556B}.Release|x64.ActiveCfg = Release|Any CPU
		{7C99C628-6AF4-4845-9810-C76D47B5556B}.Release|x86.ActiveCfg = Release|Any CPU
		{7C99C628-6AF4-4845-9810-C76D47B5556B}.Template|Any CPU.ActiveCfg = Release|Any CPU
		{7C99C628-6AF4-4845-9810-C76D47B5556B}.Template|Any CPU.Build.0 = Release|Any CPU
		{7C99C628-6AF4-4845-9810-C76D47B5556B}.Template|Mixed Platforms.ActiveCfg = Release|Any CPU
		{7C99C628-6AF4-4845-9810-C76D47B5556B}.Template|Mixed Platforms.Build.0 = Release|Any CPU
		{7C99C628-6AF4-4845-9810-C76D47B5556B}.Template|Win32.ActiveCfg = Release|Any CPU
		{7C99C628-6AF4-4845-9810-C76D47B5556B}.Template|x64.ActiveCfg = Release|Any CPU
		{7C99C628-6AF4-4845-9810-C76D47B5556B}.Template|x86.ActiveCfg = Release|Any CPU
		{52F4DCCF-D5A3-439B-9E11-5E897B57E5B1}.Debug|Any CPU.ActiveCfg = Debug|Any CPU
		{52F4DCCF-D5A3-439B-9E11-5E897B57E5B1}.Debug|Any CPU.Build.0 = Debug|Any CPU
		{52F4DCCF-D5A3-439B-9E11-5E897B57E5B1}.Debug|Mixed Platforms.ActiveCfg = Debug|Any CPU
		{52F4DCCF-D5A3-439B-9E11-5E897B57E5B1}.Debug|Mixed Platforms.Build.0 = Debug|Any CPU
		{52F4DCCF-D5A3-439B-9E11-5E897B57E5B1}.Debug|Win32.ActiveCfg = Debug|Any CPU
		{52F4DCCF-D5A3-439B-9E11-5E897B57E5B1}.Debug|x64.ActiveCfg = Debug|Any CPU
		{52F4DCCF-D5A3-439B-9E11-5E897B57E5B1}.Debug|x86.ActiveCfg = Debug|Any CPU
		{52F4DCCF-D5A3-439B-9E11-5E897B57E5B1}.Release|Any CPU.ActiveCfg = Release|Any CPU
		{52F4DCCF-D5A3-439B-9E11-5E897B57E5B1}.Release|Any CPU.Build.0 = Release|Any CPU
		{52F4DCCF-D5A3-439B-9E11-5E897B57E5B1}.Release|Mixed Platforms.ActiveCfg = Release|Any CPU
		{52F4DCCF-D5A3-439B-9E11-5E897B57E5B1}.Release|Mixed Platforms.Build.0 = Release|Any CPU
		{52F4DCCF-D5A3-439B-9E11-5E897B57E5B1}.Release|Win32.ActiveCfg = Release|Any CPU
		{52F4DCCF-D5A3-439B-9E11-5E897B57E5B1}.Release|x64.ActiveCfg = Release|Any CPU
		{52F4DCCF-D5A3-439B-9E11-5E897B57E5B1}.Release|x86.ActiveCfg = Release|Any CPU
		{52F4DCCF-D5A3-439B-9E11-5E897B57E5B1}.Template|Any CPU.ActiveCfg = Release|Any CPU
		{52F4DCCF-D5A3-439B-9E11-5E897B57E5B1}.Template|Any CPU.Build.0 = Release|Any CPU
		{52F4DCCF-D5A3-439B-9E11-5E897B57E5B1}.Template|Mixed Platforms.ActiveCfg = Release|Any CPU
		{52F4DCCF-D5A3-439B-9E11-5E897B57E5B1}.Template|Mixed Platforms.Build.0 = Release|Any CPU
		{52F4DCCF-D5A3-439B-9E11-5E897B57E5B1}.Template|Win32.ActiveCfg = Release|Any CPU
		{52F4DCCF-D5A3-439B-9E11-5E897B57E5B1}.Template|x64.ActiveCfg = Release|Any CPU
		{52F4DCCF-D5A3-439B-9E11-5E897B57E5B1}.Template|x86.ActiveCfg = Release|Any CPU
		{81FFB0E9-01F0-46CD-96FA-01ADE2711843}.Debug|Any CPU.ActiveCfg = Debug|Any CPU
		{81FFB0E9-01F0-46CD-96FA-01ADE2711843}.Debug|Any CPU.Build.0 = Debug|Any CPU
		{81FFB0E9-01F0-46CD-96FA-01ADE2711843}.Debug|Mixed Platforms.ActiveCfg = Debug|Any CPU
		{81FFB0E9-01F0-46CD-96FA-01ADE2711843}.Debug|Mixed Platforms.Build.0 = Debug|Any CPU
		{81FFB0E9-01F0-46CD-96FA-01ADE2711843}.Debug|Win32.ActiveCfg = Debug|Any CPU
		{81FFB0E9-01F0-46CD-96FA-01ADE2711843}.Debug|x64.ActiveCfg = Debug|Any CPU
		{81FFB0E9-01F0-46CD-96FA-01ADE2711843}.Debug|x86.ActiveCfg = Debug|Any CPU
		{81FFB0E9-01F0-46CD-96FA-01ADE2711843}.Release|Any CPU.ActiveCfg = Release|Any CPU
		{81FFB0E9-01F0-46CD-96FA-01ADE2711843}.Release|Any CPU.Build.0 = Release|Any CPU
		{81FFB0E9-01F0-46CD-96FA-01ADE2711843}.Release|Mixed Platforms.ActiveCfg = Release|Any CPU
		{81FFB0E9-01F0-46CD-96FA-01ADE2711843}.Release|Mixed Platforms.Build.0 = Release|Any CPU
		{81FFB0E9-01F0-46CD-96FA-01ADE2711843}.Release|Win32.ActiveCfg = Release|Any CPU
		{81FFB0E9-01F0-46CD-96FA-01ADE2711843}.Release|x64.ActiveCfg = Release|Any CPU
		{81FFB0E9-01F0-46CD-96FA-01ADE2711843}.Release|x86.ActiveCfg = Release|Any CPU
		{81FFB0E9-01F0-46CD-96FA-01ADE2711843}.Template|Any CPU.ActiveCfg = Release|Any CPU
		{81FFB0E9-01F0-46CD-96FA-01ADE2711843}.Template|Any CPU.Build.0 = Release|Any CPU
		{81FFB0E9-01F0-46CD-96FA-01ADE2711843}.Template|Mixed Platforms.ActiveCfg = Release|Any CPU
		{81FFB0E9-01F0-46CD-96FA-01ADE2711843}.Template|Mixed Platforms.Build.0 = Release|Any CPU
		{81FFB0E9-01F0-46CD-96FA-01ADE2711843}.Template|Win32.ActiveCfg = Release|Any CPU
		{81FFB0E9-01F0-46CD-96FA-01ADE2711843}.Template|x64.ActiveCfg = Release|Any CPU
		{81FFB0E9-01F0-46CD-96FA-01ADE2711843}.Template|x86.ActiveCfg = Release|Any CPU
	EndGlobalSection
	GlobalSection(SolutionProperties) = preSolution
		HideSolutionNode = FALSE
	EndGlobalSection
	GlobalSection(NestedProjects) = preSolution
		{EEF98675-3834-4542-82E4-85B15BB56D08} = {3D634715-DB81-45D6-8812-701A66BFF21E}
		{154F68A9-D5F5-49E4-941A-CC858DCE9D4B} = {3D634715-DB81-45D6-8812-701A66BFF21E}
		{9C36ABE3-3F1D-4F91-9843-BC770C351723} = {3D634715-DB81-45D6-8812-701A66BFF21E}
		{9C73B943-83D5-4467-B1DE-2A723B67D720} = {3D634715-DB81-45D6-8812-701A66BFF21E}
		{D9A766AD-5DF5-46D6-B9F6-09DD7269A53C} = {3D634715-DB81-45D6-8812-701A66BFF21E}
		{EB0AD1C6-FC11-4622-931F-974C18F8357F} = {3D634715-DB81-45D6-8812-701A66BFF21E}
		{FBEFD72A-8578-462A-9C53-AFF6D95D0A38} = {3D634715-DB81-45D6-8812-701A66BFF21E}
		{B4798ED4-133C-48EC-AACA-B2868703E4AA} = {3D634715-DB81-45D6-8812-701A66BFF21E}
		{1EB1B6EA-12A4-4D0B-A92F-A21B34579B6D} = {3D634715-DB81-45D6-8812-701A66BFF21E}
		{5821643F-1906-497C-BC75-87091956B19C} = {3D634715-DB81-45D6-8812-701A66BFF21E}
		{7C99C628-6AF4-4845-9810-C76D47B5556B} = {3D634715-DB81-45D6-8812-701A66BFF21E}
		{52F4DCCF-D5A3-439B-9E11-5E897B57E5B1} = {3D634715-DB81-45D6-8812-701A66BFF21E}
	EndGlobalSection
EndGlobal
